
Microsoft Visual Studio Solution File, Format Version 12.00
# Visual Studio 2012
Project("{FAE04EC0-301F-11D3-BF4B-00C04F79EFBC}") = "RC4Finder", "RC4Finder\RC4Finder.csproj", "{A3DD801E-E4F7-45A4-AC3F-4A6B5409EC62}"
EndProject
Global
	GlobalSection(SolutionConfigurationPlatforms) = preSolution
		Debug|x86 = Debug|x86
		Release|x86 = Release|x86
	EndGlobalSection
	GlobalSection(ProjectConfigurationPlatforms) = postSolution
		{A3DD801E-E4F7-45A4-AC3F-4A6B5409EC62}.Debug|x86.ActiveCfg = Debug|x86
		{A3DD801E-E4F7-45A4-AC3F-4A6B5409EC62}.Debug|x86.Build.0 = Debug|x86
		{A3DD801E-E4F7-45A4-AC3F-4A6B5409EC62}.Release|x86.ActiveCfg = Release|x86
		{A3DD801E-E4F7-45A4-AC3F-4A6B5409EC62}.Release|x86.Build.0 = Release|x86
	EndGlobalSection
	GlobalSection(MonoDevelopProperties) = preSolution
		StartupItem = RC4Finder\RC4Finder.csproj
	EndGlobalSection
EndGlobal
