
Microsoft Visual Studio Solution File, Format Version 12.00
# Visual Studio 2012
Project("{FAE04EC0-301F-11D3-BF4B-00C04F79EFBC}") = "SslPatcher", "SslPatcher\SslPatcher.csproj", "{26C5E39F-7C6F-4912-979C-ED0CEC97554F}"
EndProject
Global
	GlobalSection(SolutionConfigurationPlatforms) = preSolution
		Debug|x86 = Debug|x86
		Release|x86 = Release|x86
	EndGlobalSection
	GlobalSection(ProjectConfigurationPlatforms) = postSolution
		{26C5E39F-7C6F-4912-979C-ED0CEC97554F}.Debug|x86.ActiveCfg = Debug|x86
		{26C5E39F-7C6F-4912-979C-ED0CEC97554F}.Debug|x86.Build.0 = Debug|x86
		{26C5E39F-7C6F-4912-979C-ED0CEC97554F}.Release|x86.ActiveCfg = Release|x86
		{26C5E39F-7C6F-4912-979C-ED0CEC97554F}.Release|x86.Build.0 = Release|x86
	EndGlobalSection
	GlobalSection(MonoDevelopProperties) = preSolution
		StartupItem = SslPatcher\SslPatcher.csproj
		version = 1.4
	EndGlobalSection
EndGlobal
